
Microsoft Visual Studio Solution File, Format Version 12.00
# Visual Studio Version 16
VisualStudioVersion = 16.0.30907.101
MinimumVisualStudioVersion = 10.0.40219.1
Project("{9A19103F-16F7-4668-BE54-9A1E7A4F7556}") = "ArduinoTwitchBot.UI", "ArduinoTwitchBot.UI\ArduinoTwitchBot.UI.csproj", "{5B8159E2-1C48-4DC8-8E0C-ECBC3373563B}"
EndProject
Project("{FAE04EC0-301F-11D3-BF4B-00C04F79EFBC}") = "ArduinoTwitchBot.Code", "ArduinoTwitchBot.Code\ArduinoTwitchBot.Code.csproj", "{76A6F185-ABA6-4B19-AFFA-0FB67E75F494}"
EndProject
Global
	GlobalSection(SolutionConfigurationPlatforms) = preSolution
		Debug|Any CPU = Debug|Any CPU
		Release|Any CPU = Release|Any CPU
	EndGlobalSection
	GlobalSection(ProjectConfigurationPlatforms) = postSolution
		{5B8159E2-1C48-4DC8-8E0C-ECBC3373563B}.Debug|Any CPU.ActiveCfg = Debug|Any CPU
		{5B8159E2-1C48-4DC8-8E0C-ECBC3373563B}.Debug|Any CPU.Build.0 = Debug|Any CPU
		{5B8159E2-1C48-4DC8-8E0C-ECBC3373563B}.Release|Any CPU.ActiveCfg = Release|Any CPU
		{5B8159E2-1C48-4DC8-8E0C-ECBC3373563B}.Release|Any CPU.Build.0 = Release|Any CPU
		{76A6F185-ABA6-4B19-AFFA-0FB67E75F494}.Debug|Any CPU.ActiveCfg = Debug|Any CPU
		{76A6F185-ABA6-4B19-AFFA-0FB67E75F494}.Debug|Any CPU.Build.0 = Debug|Any CPU
		{76A6F185-ABA6-4B19-AFFA-0FB67E75F494}.Release|Any CPU.ActiveCfg = Release|Any CPU
		{76A6F185-ABA6-4B19-AFFA-0FB67E75F494}.Release|Any CPU.Build.0 = Release|Any CPU
	EndGlobalSection
	GlobalSection(SolutionProperties) = preSolution
		HideSolutionNode = FALSE
	EndGlobalSection
	GlobalSection(ExtensibilityGlobals) = postSolution
		SolutionGuid = {A8330E97-8B47-4AEC-A3D5-1986176BFFCA}
	EndGlobalSection
EndGlobal
